
Microsoft Visual Studio Solution File, Format Version 12.00
# Visual Studio 2013
VisualStudioVersion = 12.0.21005.1
MinimumVisualStudioVersion = 10.0.40219.1
Project("{F184B08F-C81C-45F6-A57F-5ABD9991F28F}") = "DN990_BaseSetting", "DN990_BaseSetting\DN990_BaseSetting.vbproj", "{C53533B5-7D5C-4213-BB8E-F221D387F2E0}"
EndProject
Project("{F184B08F-C81C-45F6-A57F-5ABD9991F28F}") = "DN890_OnLineFile", "DN890_OnLineFile\DN890_OnLineFile.vbproj", "{E893C036-2319-4860-8AD2-D37F6C803B2B}"
EndProject
Project("{F184B08F-C81C-45F6-A57F-5ABD9991F28F}") = "PBaseClass", "BaseClass\PBaseClass.vbproj", "{27F21734-C4E3-4D81-89F0-105BD0911189}"
EndProject
Project("{F184B08F-C81C-45F6-A57F-5ABD9991F28F}") = "DN100_BasicInfo", "DN100_BasicInfo\DN100_BasicInfo.vbproj", "{2B5884AC-0C2F-4967-8F05-B301B34C150C}"
EndProject
Project("{F184B08F-C81C-45F6-A57F-5ABD9991F28F}") = "DN150_HR", "DN150_HR\DN150_HR.vbproj", "{4B306D65-218F-4AA5-829F-08D95F786E9A}"
EndProject
Project("{F184B08F-C81C-45F6-A57F-5ABD9991F28F}") = "DN101_Client", "DN101_Client\DN101_Client.vbproj", "{A27EB0A1-2E61-4128-BBA1-0769B25F3215}"
EndProject
Project("{F184B08F-C81C-45F6-A57F-5ABD9991F28F}") = "DN400_Store", "DN400_Store\DN400_Store.vbproj", "{83F405C6-D89E-41A0-9458-A4B39EBEF225}"
EndProject
Project("{F184B08F-C81C-45F6-A57F-5ABD9991F28F}") = "DN155_AtMachine", "DN155_AtMachine\DN155_AtMachine.vbproj", "{5E6B4F54-ACD6-46EA-92F9-24A8025FB386}"
EndProject
Project("{F184B08F-C81C-45F6-A57F-5ABD9991F28F}") = "DN300_Produce", "DN300_Produce\DN300_Produce.vbproj", "{C1F8FEA6-2999-4772-8309-3BBD44A6B727}"
EndProject
Project("{F184B08F-C81C-45F6-A57F-5ABD9991F28F}") = "DN102_Remark", "DN102_Remark\DN102_Remark.vbproj", "{2FABA038-0E2B-44B9-BC26-023986A1E83A}"
EndProject
Project("{F184B08F-C81C-45F6-A57F-5ABD9991F28F}") = "DN200_Purchase", "DN200_Purchase\DN200_Purchase.vbproj", "{3291A814-7942-4737-8A1D-4F4642DE9899}"
EndProject
Project("{F184B08F-C81C-45F6-A57F-5ABD9991F28F}") = "Retail_System", "Retail_System\Retail_System.vbproj", "{09528C31-77F1-41B2-827F-BE9218414683}"
EndProject
Project("{F184B08F-C81C-45F6-A57F-5ABD9991F28F}") = "DN210_MetalStore", "DN210_MetalStore\DN210_MetalStore.vbproj", "{9BEFB77D-C132-46D8-9BB0-ED3C07017F68}"
EndProject
Project("{F184B08F-C81C-45F6-A57F-5ABD9991F28F}") = "DN220_kitchenStore", "DN220_kitchenStore\DN220_kitchenStore.vbproj", "{3362D2A3-D1F6-42BF-9110-28416D936EDF}"
EndProject
Project("{F184B08F-C81C-45F6-A57F-5ABD9991F28F}") = "DN240_PolyBagStore", "DN240_PolyBagStore\DN240_PolyBagStore.vbproj", "{43F52103-DC48-49E2-8572-033B40234567}"
EndProject
Project("{F184B08F-C81C-45F6-A57F-5ABD9991F28F}") = "DN260_CoalStore", "DN260_CoalStore\DN260_CoalStore.vbproj", "{B183469A-1006-43BD-A86E-2205640ABD3B}"
EndProject
Project("{F184B08F-C81C-45F6-A57F-5ABD9991F28F}") = "DN270_Business", "DN270_Business\DN270_Business.vbproj", "{2A67A3D1-322B-435D-BA4F-CC2388DAF93F}"
EndProject
Project("{F184B08F-C81C-45F6-A57F-5ABD9991F28F}") = "DN280_Bonus", "DN280_Bonus\DN280_Bonus.vbproj", "{C208EDA9-38BB-456F-B13F-8969123B63ED}"
EndProject
Global
	GlobalSection(SolutionConfigurationPlatforms) = preSolution
		Debug|Any CPU = Debug|Any CPU
		Release|Any CPU = Release|Any CPU
		调试|Any CPU = 调试|Any CPU
	EndGlobalSection
	GlobalSection(ProjectConfigurationPlatforms) = postSolution
		{C53533B5-7D5C-4213-BB8E-F221D387F2E0}.Debug|Any CPU.ActiveCfg = Debug|Any CPU
		{C53533B5-7D5C-4213-BB8E-F221D387F2E0}.Debug|Any CPU.Build.0 = Debug|Any CPU
		{C53533B5-7D5C-4213-BB8E-F221D387F2E0}.Release|Any CPU.ActiveCfg = Release|Any CPU
		{C53533B5-7D5C-4213-BB8E-F221D387F2E0}.Release|Any CPU.Build.0 = Release|Any CPU
		{C53533B5-7D5C-4213-BB8E-F221D387F2E0}.调试|Any CPU.ActiveCfg = 调试|Any CPU
		{C53533B5-7D5C-4213-BB8E-F221D387F2E0}.调试|Any CPU.Build.0 = 调试|Any CPU
		{E893C036-2319-4860-8AD2-D37F6C803B2B}.Debug|Any CPU.ActiveCfg = Debug|Any CPU
		{E893C036-2319-4860-8AD2-D37F6C803B2B}.Debug|Any CPU.Build.0 = Debug|Any CPU
		{E893C036-2319-4860-8AD2-D37F6C803B2B}.Release|Any CPU.ActiveCfg = Release|Any CPU
		{E893C036-2319-4860-8AD2-D37F6C803B2B}.Release|Any CPU.Build.0 = Release|Any CPU
		{E893C036-2319-4860-8AD2-D37F6C803B2B}.调试|Any CPU.ActiveCfg = 调试|Any CPU
		{E893C036-2319-4860-8AD2-D37F6C803B2B}.调试|Any CPU.Build.0 = 调试|Any CPU
		{27F21734-C4E3-4D81-89F0-105BD0911189}.Debug|Any CPU.ActiveCfg = Debug|Any CPU
		{27F21734-C4E3-4D81-89F0-105BD0911189}.Debug|Any CPU.Build.0 = Debug|Any CPU
		{27F21734-C4E3-4D81-89F0-105BD0911189}.Release|Any CPU.ActiveCfg = Release|Any CPU
		{27F21734-C4E3-4D81-89F0-105BD0911189}.Release|Any CPU.Build.0 = Release|Any CPU
		{27F21734-C4E3-4D81-89F0-105BD0911189}.调试|Any CPU.ActiveCfg = Release|Any CPU
		{27F21734-C4E3-4D81-89F0-105BD0911189}.调试|Any CPU.Build.0 = Release|Any CPU
		{2B5884AC-0C2F-4967-8F05-B301B34C150C}.Debug|Any CPU.ActiveCfg = Debug|Any CPU
		{2B5884AC-0C2F-4967-8F05-B301B34C150C}.Debug|Any CPU.Build.0 = Debug|Any CPU
		{2B5884AC-0C2F-4967-8F05-B301B34C150C}.Release|Any CPU.ActiveCfg = Release|Any CPU
		{2B5884AC-0C2F-4967-8F05-B301B34C150C}.Release|Any CPU.Build.0 = Release|Any CPU
		{2B5884AC-0C2F-4967-8F05-B301B34C150C}.调试|Any CPU.ActiveCfg = 调试|Any CPU
		{2B5884AC-0C2F-4967-8F05-B301B34C150C}.调试|Any CPU.Build.0 = 调试|Any CPU
		{4B306D65-218F-4AA5-829F-08D95F786E9A}.Debug|Any CPU.ActiveCfg = Debug|Any CPU
		{4B306D65-218F-4AA5-829F-08D95F786E9A}.Debug|Any CPU.Build.0 = Debug|Any CPU
		{4B306D65-218F-4AA5-829F-08D95F786E9A}.Release|Any CPU.ActiveCfg = Release|Any CPU
		{4B306D65-218F-4AA5-829F-08D95F786E9A}.Release|Any CPU.Build.0 = Release|Any CPU
		{4B306D65-218F-4AA5-829F-08D95F786E9A}.调试|Any CPU.ActiveCfg = 调试|Any CPU
		{4B306D65-218F-4AA5-829F-08D95F786E9A}.调试|Any CPU.Build.0 = 调试|Any CPU
		{A27EB0A1-2E61-4128-BBA1-0769B25F3215}.Debug|Any CPU.ActiveCfg = Debug|Any CPU
		{A27EB0A1-2E61-4128-BBA1-0769B25F3215}.Debug|Any CPU.Build.0 = Debug|Any CPU
		{A27EB0A1-2E61-4128-BBA1-0769B25F3215}.Release|Any CPU.ActiveCfg = Release|Any CPU
		{A27EB0A1-2E61-4128-BBA1-0769B25F3215}.Release|Any CPU.Build.0 = Release|Any CPU
		{A27EB0A1-2E61-4128-BBA1-0769B25F3215}.调试|Any CPU.ActiveCfg = 调试|Any CPU
		{A27EB0A1-2E61-4128-BBA1-0769B25F3215}.调试|Any CPU.Build.0 = 调试|Any CPU
		{83F405C6-D89E-41A0-9458-A4B39EBEF225}.Debug|Any CPU.ActiveCfg = Debug|Any CPU
		{83F405C6-D89E-41A0-9458-A4B39EBEF225}.Debug|Any CPU.Build.0 = Debug|Any CPU
		{83F405C6-D89E-41A0-9458-A4B39EBEF225}.Release|Any CPU.ActiveCfg = Release|Any CPU
		{83F405C6-D89E-41A0-9458-A4B39EBEF225}.Release|Any CPU.Build.0 = Release|Any CPU
		{83F405C6-D89E-41A0-9458-A4B39EBEF225}.调试|Any CPU.ActiveCfg = 调试|Any CPU
		{83F405C6-D89E-41A0-9458-A4B39EBEF225}.调试|Any CPU.Build.0 = 调试|Any CPU
		{5E6B4F54-ACD6-46EA-92F9-24A8025FB386}.Debug|Any CPU.ActiveCfg = Debug|Any CPU
		{5E6B4F54-ACD6-46EA-92F9-24A8025FB386}.Debug|Any CPU.Build.0 = Debug|Any CPU
		{5E6B4F54-ACD6-46EA-92F9-24A8025FB386}.Release|Any CPU.ActiveCfg = Release|Any CPU
		{5E6B4F54-ACD6-46EA-92F9-24A8025FB386}.Release|Any CPU.Build.0 = Release|Any CPU
		{5E6B4F54-ACD6-46EA-92F9-24A8025FB386}.调试|Any CPU.ActiveCfg = 调试|Any CPU
		{5E6B4F54-ACD6-46EA-92F9-24A8025FB386}.调试|Any CPU.Build.0 = 调试|Any CPU
		{C1F8FEA6-2999-4772-8309-3BBD44A6B727}.Debug|Any CPU.ActiveCfg = Debug|Any CPU
		{C1F8FEA6-2999-4772-8309-3BBD44A6B727}.Debug|Any CPU.Build.0 = Debug|Any CPU
		{C1F8FEA6-2999-4772-8309-3BBD44A6B727}.Release|Any CPU.ActiveCfg = Release|Any CPU
		{C1F8FEA6-2999-4772-8309-3BBD44A6B727}.Release|Any CPU.Build.0 = Release|Any CPU
		{C1F8FEA6-2999-4772-8309-3BBD44A6B727}.调试|Any CPU.ActiveCfg = 调试|Any CPU
		{C1F8FEA6-2999-4772-8309-3BBD44A6B727}.调试|Any CPU.Build.0 = 调试|Any CPU
		{2FABA038-0E2B-44B9-BC26-023986A1E83A}.Debug|Any CPU.ActiveCfg = Debug|Any CPU
		{2FABA038-0E2B-44B9-BC26-023986A1E83A}.Debug|Any CPU.Build.0 = Debug|Any CPU
		{2FABA038-0E2B-44B9-BC26-023986A1E83A}.Release|Any CPU.ActiveCfg = Release|Any CPU
		{2FABA038-0E2B-44B9-BC26-023986A1E83A}.Release|Any CPU.Build.0 = Release|Any CPU
		{2FABA038-0E2B-44B9-BC26-023986A1E83A}.调试|Any CPU.ActiveCfg = 调试|Any CPU
		{2FABA038-0E2B-44B9-BC26-023986A1E83A}.调试|Any CPU.Build.0 = 调试|Any CPU
		{3291A814-7942-4737-8A1D-4F4642DE9899}.Debug|Any CPU.ActiveCfg = Debug|Any CPU
		{3291A814-7942-4737-8A1D-4F4642DE9899}.Debug|Any CPU.Build.0 = Debug|Any CPU
		{3291A814-7942-4737-8A1D-4F4642DE9899}.Release|Any CPU.ActiveCfg = Release|Any CPU
		{3291A814-7942-4737-8A1D-4F4642DE9899}.Release|Any CPU.Build.0 = Release|Any CPU
		{3291A814-7942-4737-8A1D-4F4642DE9899}.调试|Any CPU.ActiveCfg = 调试|Any CPU
		{3291A814-7942-4737-8A1D-4F4642DE9899}.调试|Any CPU.Build.0 = 调试|Any CPU
		{09528C31-77F1-41B2-827F-BE9218414683}.Debug|Any CPU.ActiveCfg = Debug|x86
		{09528C31-77F1-41B2-827F-BE9218414683}.Debug|Any CPU.Build.0 = Debug|x86
		{09528C31-77F1-41B2-827F-BE9218414683}.Release|Any CPU.ActiveCfg = Release|Any CPU
		{09528C31-77F1-41B2-827F-BE9218414683}.Release|Any CPU.Build.0 = Release|Any CPU
		{09528C31-77F1-41B2-827F-BE9218414683}.调试|Any CPU.ActiveCfg = 调试|Any CPU
		{09528C31-77F1-41B2-827F-BE9218414683}.调试|Any CPU.Build.0 = 调试|Any CPU
		{9BEFB77D-C132-46D8-9BB0-ED3C07017F68}.Debug|Any CPU.ActiveCfg = Debug|Any CPU
		{9BEFB77D-C132-46D8-9BB0-ED3C07017F68}.Debug|Any CPU.Build.0 = Debug|Any CPU
		{9BEFB77D-C132-46D8-9BB0-ED3C07017F68}.Release|Any CPU.ActiveCfg = Release|Any CPU
		{9BEFB77D-C132-46D8-9BB0-ED3C07017F68}.Release|Any CPU.Build.0 = Release|Any CPU
		{9BEFB77D-C132-46D8-9BB0-ED3C07017F68}.调试|Any CPU.ActiveCfg = 调试|Any CPU
		{9BEFB77D-C132-46D8-9BB0-ED3C07017F68}.调试|Any CPU.Build.0 = 调试|Any CPU
		{3362D2A3-D1F6-42BF-9110-28416D936EDF}.Debug|Any CPU.ActiveCfg = Debug|Any CPU
		{3362D2A3-D1F6-42BF-9110-28416D936EDF}.Debug|Any CPU.Build.0 = Debug|Any CPU
		{3362D2A3-D1F6-42BF-9110-28416D936EDF}.Release|Any CPU.ActiveCfg = Release|Any CPU
		{3362D2A3-D1F6-42BF-9110-28416D936EDF}.Release|Any CPU.Build.0 = Release|Any CPU
		{3362D2A3-D1F6-42BF-9110-28416D936EDF}.调试|Any CPU.ActiveCfg = 调试|Any CPU
		{3362D2A3-D1F6-42BF-9110-28416D936EDF}.调试|Any CPU.Build.0 = 调试|Any CPU
		{43F52103-DC48-49E2-8572-033B40234567}.Debug|Any CPU.ActiveCfg = Debug|Any CPU
		{43F52103-DC48-49E2-8572-033B40234567}.Debug|Any CPU.Build.0 = Debug|Any CPU
		{43F52103-DC48-49E2-8572-033B40234567}.Release|Any CPU.ActiveCfg = Release|Any CPU
		{43F52103-DC48-49E2-8572-033B40234567}.Release|Any CPU.Build.0 = Release|Any CPU
		{43F52103-DC48-49E2-8572-033B40234567}.调试|Any CPU.ActiveCfg = 调试|Any CPU
		{43F52103-DC48-49E2-8572-033B40234567}.调试|Any CPU.Build.0 = 调试|Any CPU
		{B183469A-1006-43BD-A86E-2205640ABD3B}.Debug|Any CPU.ActiveCfg = Debug|Any CPU
		{B183469A-1006-43BD-A86E-2205640ABD3B}.Debug|Any CPU.Build.0 = Debug|Any CPU
		{B183469A-1006-43BD-A86E-2205640ABD3B}.Release|Any CPU.ActiveCfg = Release|Any CPU
		{B183469A-1006-43BD-A86E-2205640ABD3B}.Release|Any CPU.Build.0 = Release|Any CPU
		{B183469A-1006-43BD-A86E-2205640ABD3B}.调试|Any CPU.ActiveCfg = 调试|Any CPU
		{B183469A-1006-43BD-A86E-2205640ABD3B}.调试|Any CPU.Build.0 = 调试|Any CPU
		{2A67A3D1-322B-435D-BA4F-CC2388DAF93F}.Debug|Any CPU.ActiveCfg = Debug|Any CPU
		{2A67A3D1-322B-435D-BA4F-CC2388DAF93F}.Debug|Any CPU.Build.0 = Debug|Any CPU
		{2A67A3D1-322B-435D-BA4F-CC2388DAF93F}.Release|Any CPU.ActiveCfg = Release|Any CPU
		{2A67A3D1-322B-435D-BA4F-CC2388DAF93F}.Release|Any CPU.Build.0 = Release|Any CPU
		{2A67A3D1-322B-435D-BA4F-CC2388DAF93F}.调试|Any CPU.ActiveCfg = 调试|Any CPU
		{2A67A3D1-322B-435D-BA4F-CC2388DAF93F}.调试|Any CPU.Build.0 = 调试|Any CPU
		{C208EDA9-38BB-456F-B13F-8969123B63ED}.Debug|Any CPU.ActiveCfg = Debug|Any CPU
		{C208EDA9-38BB-456F-B13F-8969123B63ED}.Debug|Any CPU.Build.0 = Debug|Any CPU
		{C208EDA9-38BB-456F-B13F-8969123B63ED}.Release|Any CPU.ActiveCfg = Release|Any CPU
		{C208EDA9-38BB-456F-B13F-8969123B63ED}.Release|Any CPU.Build.0 = Release|Any CPU
		{C208EDA9-38BB-456F-B13F-8969123B63ED}.调试|Any CPU.ActiveCfg = 调试|Any CPU
		{C208EDA9-38BB-456F-B13F-8969123B63ED}.调试|Any CPU.Build.0 = 调试|Any CPU
	EndGlobalSection
	GlobalSection(SolutionProperties) = preSolution
		HideSolutionNode = FALSE
	EndGlobalSection
	GlobalSection(ExtensibilityGlobals) = postSolution
		VisualSVNWorkingCopyRoot = .
	EndGlobalSection
EndGlobal
